
Microsoft Visual Studio Solution File, Format Version 12.00
# Visual Studio Version 17
VisualStudioVersion = 17.0.32112.339
MinimumVisualStudioVersion = 10.0.40219.1
Project("{9A19103F-16F7-4668-BE54-9A1E7A4F7556}") = "OFC_Blazor", "OFC_Blazor\OFC_Blazor.csproj", "{350594BE-F682-41DC-B1F6-39F40A76B37F}"
EndProject
Project("{9A19103F-16F7-4668-BE54-9A1E7A4F7556}") = "OFC_Maui", "OFC_Maui\OFC_Maui.csproj", "{CAC3F58B-DB45-478B-A26D-5AC056BC0395}"
EndProject
Global
	GlobalSection(SolutionConfigurationPlatforms) = preSolution
		Debug|Any CPU = Debug|Any CPU
		Release|Any CPU = Release|Any CPU
	EndGlobalSection
	GlobalSection(ProjectConfigurationPlatforms) = postSolution
		{350594BE-F682-41DC-B1F6-39F40A76B37F}.Debug|Any CPU.ActiveCfg = Debug|Any CPU
		{350594BE-F682-41DC-B1F6-39F40A76B37F}.Debug|Any CPU.Build.0 = Debug|Any CPU
		{350594BE-F682-41DC-B1F6-39F40A76B37F}.Release|Any CPU.ActiveCfg = Release|Any CPU
		{350594BE-F682-41DC-B1F6-39F40A76B37F}.Release|Any CPU.Build.0 = Release|Any CPU
		{CAC3F58B-DB45-478B-A26D-5AC056BC0395}.Debug|Any CPU.ActiveCfg = Debug|Any CPU
		{CAC3F58B-DB45-478B-A26D-5AC056BC0395}.Debug|Any CPU.Build.0 = Debug|Any CPU
		{CAC3F58B-DB45-478B-A26D-5AC056BC0395}.Debug|Any CPU.Deploy.0 = Debug|Any CPU
		{CAC3F58B-DB45-478B-A26D-5AC056BC0395}.Release|Any CPU.ActiveCfg = Release|Any CPU
		{CAC3F58B-DB45-478B-A26D-5AC056BC0395}.Release|Any CPU.Build.0 = Release|Any CPU
		{CAC3F58B-DB45-478B-A26D-5AC056BC0395}.Release|Any CPU.Deploy.0 = Release|Any CPU
	EndGlobalSection
	GlobalSection(SolutionProperties) = preSolution
		HideSolutionNode = FALSE
	EndGlobalSection
	GlobalSection(ExtensibilityGlobals) = postSolution
		SolutionGuid = {8AC9F885-40AC-4A3C-A669-99BF40363BF9}
	EndGlobalSection
EndGlobal
